// !$*UTF8*$!
{
	archiveVersion = 1;
	classes = {
	};
	objectVersion = 48;
	objects = {

/* Begin PBXBuildFile section */
		4E63312D1F84B954009A76C7 /* SBCtBlob.m in Sources */ = {isa = PBXBuildFile; fileRef = 4E63312C1F84B954009A76C7 /* SBCtBlob.m */; };
		4ECB051D1F7CFF1900B3D577 /* AppDelegate.m in Sources */ = {isa = PBXBuildFile; fileRef = 4ECB051C1F7CFF1900B3D577 /* AppDelegate.m */; };
		4ECB05201F7CFF1900B3D577 /* ViewController.m in Sources */ = {isa = PBXBuildFile; fileRef = 4ECB051F1F7CFF1900B3D577 /* ViewController.m */; };
		4ECB05231F7CFF1900B3D577 /* Main.storyboard in Resources */ = {isa = PBXBuildFile; fileRef = 4ECB05211F7CFF1900B3D577 /* Main.storyboard */; };
		4ECB05251F7CFF1900B3D577 /* Assets.xcassets in Resources */ = {isa = PBXBuildFile; fileRef = 4ECB05241F7CFF1900B3D577 /* Assets.xcassets */; };
		4ECB05281F7CFF1900B3D577 /* LaunchScreen.storyboard in Resources */ = {isa = PBXBuildFile; fileRef = 4ECB05261F7CFF1900B3D577 /* LaunchScreen.storyboard */; };
		4ECB052B1F7CFF1900B3D577 /* main.m in Sources */ = {isa = PBXBuildFile; fileRef = 4ECB052A1F7CFF1900B3D577 /* main.m */; };
		4ECB05351F7CFF1900B3D577 /* SBNavBarUITests.m in Sources */ = {isa = PBXBuildFile; fileRef = 4ECB05341F7CFF1900B3D577 /* SBNavBarUITests.m */; };
		4ECB05421F7D028500B3D577 /* SBNavBarView.mm in Sources */ = {isa = PBXBuildFile; fileRef = 4ECB05411F7D028500B3D577 /* SBNavBarView.mm */; };
		4ECB75D11F8A0A33007334D4 /* SampleLeftBarContainerView.m in Sources */ = {isa = PBXBuildFile; fileRef = 4ECB75D01F8A0A33007334D4 /* SampleLeftBarContainerView.m */; };
		4ECB75D31F8A0A67007334D4 /* SampleSBNavBarViews.xib in Resources */ = {isa = PBXBuildFile; fileRef = 4ECB75D21F8A0A67007334D4 /* SampleSBNavBarViews.xib */; };
		4ECB75DD1F8A2F99007334D4 /* back_button.png in Resources */ = {isa = PBXBuildFile; fileRef = 4ECB75DB1F8A2F99007334D4 /* back_button.png */; };
		4EFB30491F8DD7D50088E319 /* SBNavBarView+SBNavBarExtender.m in Sources */ = {isa = PBXBuildFile; fileRef = 4EFB30481F8DD7D50088E319 /* SBNavBarView+SBNavBarExtender.m */; };
/* End PBXBuildFile section */

/* Begin PBXContainerItemProxy section */
		4ECB05311F7CFF1900B3D577 /* PBXContainerItemProxy */ = {
			isa = PBXContainerItemProxy;
			containerPortal = 4ECB05101F7CFF1900B3D577 /* Project object */;
			proxyType = 1;
			remoteGlobalIDString = 4ECB05171F7CFF1900B3D577;
			remoteInfo = SBNavBar;
		};
/* End PBXContainerItemProxy section */

/* Begin PBXFileReference section */
		4E3D0FD01F8E00A600D68F29 /* Sample1.png */ = {isa = PBXFileReference; lastKnownFileType = image.png; path = Sample1.png; sourceTree = "<group>"; };
		4E3D0FD11F8E00A600D68F29 /* Sample2.png */ = {isa = PBXFileReference; lastKnownFileType = image.png; path = Sample2.png; sourceTree = "<group>"; };
		4E3EC0F61F8CD3ED009E55DE /* SBNavBarDefines.h */ = {isa = PBXFileReference; lastKnownFileType = sourcecode.c.h; path = SBNavBarDefines.h; sourceTree = "<group>"; };
		4E3EC0FE1F8CDD96009E55DE /* README.md */ = {isa = PBXFileReference; lastKnownFileType = net.daringfireball.markdown; path = README.md; sourceTree = "<group>"; };
		4E63312B1F84B954009A76C7 /* SBCtBlob.h */ = {isa = PBXFileReference; lastKnownFileType = sourcecode.c.h; path = SBCtBlob.h; sourceTree = "<group>"; };
		4E63312C1F84B954009A76C7 /* SBCtBlob.m */ = {isa = PBXFileReference; lastKnownFileType = sourcecode.c.objc; path = SBCtBlob.m; sourceTree = "<group>"; };
		4ECB05181F7CFF1900B3D577 /* SBNavBar.app */ = {isa = PBXFileReference; explicitFileType = wrapper.application; includeInIndex = 0; path = SBNavBar.app; sourceTree = BUILT_PRODUCTS_DIR; };
		4ECB051B1F7CFF1900B3D577 /* AppDelegate.h */ = {isa = PBXFileReference; lastKnownFileType = sourcecode.c.h; path = AppDelegate.h; sourceTree = "<group>"; };
		4ECB051C1F7CFF1900B3D577 /* AppDelegate.m */ = {isa = PBXFileReference; lastKnownFileType = sourcecode.c.objc; path = AppDelegate.m; sourceTree = "<group>"; };
		4ECB051E1F7CFF1900B3D577 /* ViewController.h */ = {isa = PBXFileReference; lastKnownFileType = sourcecode.c.h; path = ViewController.h; sourceTree = "<group>"; };
		4ECB051F1F7CFF1900B3D577 /* ViewController.m */ = {isa = PBXFileReference; lastKnownFileType = sourcecode.c.objc; path = ViewController.m; sourceTree = "<group>"; };
		4ECB05221F7CFF1900B3D577 /* Base */ = {isa = PBXFileReference; lastKnownFileType = file.storyboard; name = Base; path = Base.lproj/Main.storyboard; sourceTree = "<group>"; };
		4ECB05241F7CFF1900B3D577 /* Assets.xcassets */ = {isa = PBXFileReference; lastKnownFileType = folder.assetcatalog; path = Assets.xcassets; sourceTree = "<group>"; };
		4ECB05271F7CFF1900B3D577 /* Base */ = {isa = PBXFileReference; lastKnownFileType = file.storyboard; name = Base; path = Base.lproj/LaunchScreen.storyboard; sourceTree = "<group>"; };
		4ECB05291F7CFF1900B3D577 /* Info.plist */ = {isa = PBXFileReference; lastKnownFileType = text.plist.xml; path = Info.plist; sourceTree = "<group>"; };
		4ECB052A1F7CFF1900B3D577 /* main.m */ = {isa = PBXFileReference; lastKnownFileType = sourcecode.c.objc; path = main.m; sourceTree = "<group>"; };
		4ECB05301F7CFF1900B3D577 /* SBNavBarUITests.xctest */ = {isa = PBXFileReference; explicitFileType = wrapper.cfbundle; includeInIndex = 0; path = SBNavBarUITests.xctest; sourceTree = BUILT_PRODUCTS_DIR; };
		4ECB05341F7CFF1900B3D577 /* SBNavBarUITests.m */ = {isa = PBXFileReference; lastKnownFileType = sourcecode.c.objc; path = SBNavBarUITests.m; sourceTree = "<group>"; };
		4ECB05361F7CFF1900B3D577 /* Info.plist */ = {isa = PBXFileReference; lastKnownFileType = text.plist.xml; path = Info.plist; sourceTree = "<group>"; };
		4ECB05401F7D028500B3D577 /* SBNavBarView.h */ = {isa = PBXFileReference; lastKnownFileType = sourcecode.c.h; path = SBNavBarView.h; sourceTree = "<group>"; };
		4ECB05411F7D028500B3D577 /* SBNavBarView.mm */ = {isa = PBXFileReference; lastKnownFileType = sourcecode.cpp.objcpp; path = SBNavBarView.mm; sourceTree = "<group>"; };
		4ECB75CF1F8A0A33007334D4 /* SampleLeftBarContainerView.h */ = {isa = PBXFileReference; lastKnownFileType = sourcecode.c.h; path = SampleLeftBarContainerView.h; sourceTree = "<group>"; };
		4ECB75D01F8A0A33007334D4 /* SampleLeftBarContainerView.m */ = {isa = PBXFileReference; lastKnownFileType = sourcecode.c.objc; path = SampleLeftBarContainerView.m; sourceTree = "<group>"; };
		4ECB75D21F8A0A67007334D4 /* SampleSBNavBarViews.xib */ = {isa = PBXFileReference; lastKnownFileType = file.xib; path = SampleSBNavBarViews.xib; sourceTree = "<group>"; };
		4ECB75DB1F8A2F99007334D4 /* back_button.png */ = {isa = PBXFileReference; lastKnownFileType = image.png; path = back_button.png; sourceTree = "<group>"; };
		4EFB30451F8DC7E30088E319 /* Roboto-Condensed.ttf */ = {isa = PBXFileReference; lastKnownFileType = file; path = "Roboto-Condensed.ttf"; sourceTree = "<group>"; };
		4EFB30461F8DC7E30088E319 /* Boquer¢n.ttf */ = {isa = PBXFileReference; lastKnownFileType = file; path = "Boquer¢n.ttf"; sourceTree = "<group>"; };
		4EFB30471F8DD7D50088E319 /* SBNavBarView+SBNavBarExtender.h */ = {isa = PBXFileReference; lastKnownFileType = sourcecode.c.h; path = "SBNavBarView+SBNavBarExtender.h"; sourceTree = "<group>"; };
		4EFB30481F8DD7D50088E319 /* SBNavBarView+SBNavBarExtender.m */ = {isa = PBXFileReference; lastKnownFileType = sourcecode.c.objc; path = "SBNavBarView+SBNavBarExtender.m"; sourceTree = "<group>"; };
/* End PBXFileReference section */

/* Begin PBXFrameworksBuildPhase section */
		4ECB05151F7CFF1900B3D577 /* Frameworks */ = {
			isa = PBXFrameworksBuildPhase;
			buildActionMask = 2147483647;
			files = (
			);
			runOnlyForDeploymentPostprocessing = 0;
		};
		4ECB052D1F7CFF1900B3D577 /* Frameworks */ = {
			isa = PBXFrameworksBuildPhase;
			buildActionMask = 2147483647;
			files = (
			);
			runOnlyForDeploymentPostprocessing = 0;
		};
/* End PBXFrameworksBuildPhase section */

/* Begin PBXGroup section */
		4ECB050F1F7CFF1900B3D577 = {
			isa = PBXGroup;
			children = (
				4E3D0FD01F8E00A600D68F29 /* Sample1.png */,
				4E3D0FD11F8E00A600D68F29 /* Sample2.png */,
				4E3EC0FE1F8CDD96009E55DE /* README.md */,
				4ECB051A1F7CFF1900B3D577 /* SBNavBar */,
				4ECB05331F7CFF1900B3D577 /* SBNavBarUITests */,
				4ECB05191F7CFF1900B3D577 /* Products */,
			);
			sourceTree = "<group>";
		};
		4ECB05191F7CFF1900B3D577 /* Products */ = {
			isa = PBXGroup;
			children = (
				4ECB05181F7CFF1900B3D577 /* SBNavBar.app */,
				4ECB05301F7CFF1900B3D577 /* SBNavBarUITests.xctest */,
			);
			name = Products;
			sourceTree = "<group>";
		};
		4ECB051A1F7CFF1900B3D577 /* SBNavBar */ = {
			isa = PBXGroup;
			children = (
				4ECB053F1F7D01E300B3D577 /* NavBar */,
				4ECB051B1F7CFF1900B3D577 /* AppDelegate.h */,
				4ECB051C1F7CFF1900B3D577 /* AppDelegate.m */,
				4ECB051E1F7CFF1900B3D577 /* ViewController.h */,
				4ECB051F1F7CFF1900B3D577 /* ViewController.m */,
				4ECB05211F7CFF1900B3D577 /* Main.storyboard */,
				4ECB05241F7CFF1900B3D577 /* Assets.xcassets */,
				4ECB05261F7CFF1900B3D577 /* LaunchScreen.storyboard */,
				4ECB05291F7CFF1900B3D577 /* Info.plist */,
				4ECB052A1F7CFF1900B3D577 /* main.m */,
			);
			path = SBNavBar;
			sourceTree = "<group>";
		};
		4ECB05331F7CFF1900B3D577 /* SBNavBarUITests */ = {
			isa = PBXGroup;
			children = (
				4ECB05341F7CFF1900B3D577 /* SBNavBarUITests.m */,
				4ECB05361F7CFF1900B3D577 /* Info.plist */,
			);
			path = SBNavBarUITests;
			sourceTree = "<group>";
		};
		4ECB053F1F7D01E300B3D577 /* NavBar */ = {
			isa = PBXGroup;
			children = (
				4ECB75D51F8A2946007334D4 /* Resources */,
				4ECB75CB1F8A09CA007334D4 /* SampleBarViews */,
				4ECB05401F7D028500B3D577 /* SBNavBarView.h */,
				4ECB05411F7D028500B3D577 /* SBNavBarView.mm */,
				4E63312B1F84B954009A76C7 /* SBCtBlob.h */,
				4E63312C1F84B954009A76C7 /* SBCtBlob.m */,
				4E3EC0F61F8CD3ED009E55DE /* SBNavBarDefines.h */,
				4EFB30471F8DD7D50088E319 /* SBNavBarView+SBNavBarExtender.h */,
				4EFB30481F8DD7D50088E319 /* SBNavBarView+SBNavBarExtender.m */,
			);
			path = NavBar;
			sourceTree = "<group>";
		};
		4ECB75CB1F8A09CA007334D4 /* SampleBarViews */ = {
			isa = PBXGroup;
			children = (
				4ECB75CF1F8A0A33007334D4 /* SampleLeftBarContainerView.h */,
				4ECB75D01F8A0A33007334D4 /* SampleLeftBarContainerView.m */,
				4ECB75D21F8A0A67007334D4 /* SampleSBNavBarViews.xib */,
			);
			path = SampleBarViews;
			sourceTree = "<group>";
		};
		4ECB75D51F8A2946007334D4 /* Resources */ = {
			isa = PBXGroup;
			children = (
				4EFB30461F8DC7E30088E319 /* Boquer¢n.ttf */,
				4EFB30451F8DC7E30088E319 /* Roboto-Condensed.ttf */,
				4ECB75DB1F8A2F99007334D4 /* back_button.png */,
			);
			path = Resources;
			sourceTree = "<group>";
		};
/* End PBXGroup section */

/* Begin PBXNativeTarget section */
		4ECB05171F7CFF1900B3D577 /* SBNavBar */ = {
			isa = PBXNativeTarget;
			buildConfigurationList = 4ECB05391F7CFF1900B3D577 /* Build configuration list for PBXNativeTarget "SBNavBar" */;
			buildPhases = (
				4ECB05141F7CFF1900B3D577 /* Sources */,
				4ECB05151F7CFF1900B3D577 /* Frameworks */,
				4ECB05161F7CFF1900B3D577 /* Resources */,
			);
			buildRules = (
			);
			dependencies = (
			);
			name = SBNavBar;
			productName = SBNavBar;
			productReference = 4ECB05181F7CFF1900B3D577 /* SBNavBar.app */;
			productType = "com.apple.product-type.application";
		};
		4ECB052F1F7CFF1900B3D577 /* SBNavBarUITests */ = {
			isa = PBXNativeTarget;
			buildConfigurationList = 4ECB053C1F7CFF1900B3D577 /* Build configuration list for PBXNativeTarget "SBNavBarUITests" */;
			buildPhases = (
				4ECB052C1F7CFF1900B3D577 /* Sources */,
				4ECB052D1F7CFF1900B3D577 /* Frameworks */,
				4ECB052E1F7CFF1900B3D577 /* Resources */,
			);
			buildRules = (
			);
			dependencies = (
				4ECB05321F7CFF1900B3D577 /* PBXTargetDependency */,
			);
			name = SBNavBarUITests;
			productName = SBNavBarUITests;
			productReference = 4ECB05301F7CFF1900B3D577 /* SBNavBarUITests.xctest */;
			productType = "com.apple.product-type.bundle.ui-testing";
		};
/* End PBXNativeTarget section */

/* Begin PBXProject section */
		4ECB05101F7CFF1900B3D577 /* Project object */ = {
			isa = PBXProject;
			attributes = {
				LastUpgradeCheck = 0900;
				ORGANIZATIONNAME = saiful;
				TargetAttributes = {
					4ECB05171F7CFF1900B3D577 = {
						CreatedOnToolsVersion = 9.0;
						ProvisioningStyle = Automatic;
					};
					4ECB052F1F7CFF1900B3D577 = {
						CreatedOnToolsVersion = 9.0;
						ProvisioningStyle = Automatic;
						TestTargetID = 4ECB05171F7CFF1900B3D577;
					};
				};
			};
			buildConfigurationList = 4ECB05131F7CFF1900B3D577 /* Build configuration list for PBXProject "SBNavBar" */;
			compatibilityVersion = "Xcode 8.0";
			developmentRegion = en;
			hasScannedForEncodings = 0;
			knownRegions = (
				en,
				Base,
			);
			mainGroup = 4ECB050F1F7CFF1900B3D577;
			productRefGroup = 4ECB05191F7CFF1900B3D577 /* Products */;
			projectDirPath = "";
			projectRoot = "";
			targets = (
				4ECB05171F7CFF1900B3D577 /* SBNavBar */,
				4ECB052F1F7CFF1900B3D577 /* SBNavBarUITests */,
			);
		};
/* End PBXProject section */

/* Begin PBXResourcesBuildPhase section */
		4ECB05161F7CFF1900B3D577 /* Resources */ = {
			isa = PBXResourcesBuildPhase;
			buildActionMask = 2147483647;
			files = (
				4ECB05281F7CFF1900B3D577 /* LaunchScreen.storyboard in Resources */,
				4ECB05251F7CFF1900B3D577 /* Assets.xcassets in Resources */,
				4ECB75DD1F8A2F99007334D4 /* back_button.png in Resources */,
				4ECB05231F7CFF1900B3D577 /* Main.storyboard in Resources */,
				4ECB75D31F8A0A67007334D4 /* SampleSBNavBarViews.xib in Resources */,
			);
			runOnlyForDeploymentPostprocessing = 0;
		};
		4ECB052E1F7CFF1900B3D577 /* Resources */ = {
			isa = PBXResourcesBuildPhase;
			buildActionMask = 2147483647;
			files = (
			);
			runOnlyForDeploymentPostprocessing = 0;
		};
/* End PBXResourcesBuildPhase section */

/* Begin PBXSourcesBuildPhase section */
		4ECB05141F7CFF1900B3D577 /* Sources */ = {
			isa = PBXSourcesBuildPhase;
			buildActionMask = 2147483647;
			files = (
				4ECB05201F7CFF1900B3D577 /* ViewController.m in Sources */,
				4ECB75D11F8A0A33007334D4 /* SampleLeftBarContainerView.m in Sources */,
				4ECB052B1F7CFF1900B3D577 /* main.m in Sources */,
				4ECB051D1F7CFF1900B3D577 /* AppDelegate.m in Sources */,
				4E63312D1F84B954009A76C7 /* SBCtBlob.m in Sources */,
				4EFB30491F8DD7D50088E319 /* SBNavBarView+SBNavBarExtender.m in Sources */,
				4ECB05421F7D028500B3D577 /* SBNavBarView.mm in Sources */,
			);
			runOnlyForDeploymentPostprocessing = 0;
		};
		4ECB052C1F7CFF1900B3D577 /* Sources */ = {
			isa = PBXSourcesBuildPhase;
			buildActionMask = 2147483647;
			files = (
				4ECB05351F7CFF1900B3D577 /* SBNavBarUITests.m in Sources */,
			);
			runOnlyForDeploymentPostprocessing = 0;
		};
/* End PBXSourcesBuildPhase section */

/* Begin PBXTargetDependency section */
		4ECB05321F7CFF1900B3D577 /* PBXTargetDependency */ = {
			isa = PBXTargetDependency;
			target = 4ECB05171F7CFF1900B3D577 /* SBNavBar */;
			targetProxy = 4ECB05311F7CFF1900B3D577 /* PBXContainerItemProxy */;
		};
/* End PBXTargetDependency section */

/* Begin PBXVariantGroup section */
		4ECB05211F7CFF1900B3D577 /* Main.storyboard */ = {
			isa = PBXVariantGroup;
			children = (
				4ECB05221F7CFF1900B3D577 /* Base */,
			);
			name = Main.storyboard;
			sourceTree = "<group>";
		};
		4ECB05261F7CFF1900B3D577 /* LaunchScreen.storyboard */ = {
			isa = PBXVariantGroup;
			children = (
				4ECB05271F7CFF1900B3D577 /* Base */,
			);
			name = LaunchScreen.storyboard;
			sourceTree = "<group>";
		};
/* End PBXVariantGroup section */

/* Begin XCBuildConfiguration section */
		4ECB05371F7CFF1900B3D577 /* Debug */ = {
			isa = XCBuildConfiguration;
			buildSettings = {
				ALWAYS_SEARCH_USER_PATHS = NO;
				CLANG_ANALYZER_NONNULL = YES;
				CLANG_ANALYZER_NUMBER_OBJECT_CONVERSION = YES_AGGRESSIVE;
				CLANG_CXX_LANGUAGE_STANDARD = "gnu++14";
				CLANG_CXX_LIBRARY = "libc++";
				CLANG_ENABLE_MODULES = YES;
				CLANG_ENABLE_OBJC_ARC = YES;
				CLANG_WARN_BLOCK_CAPTURE_AUTORELEASING = YES;
				CLANG_WARN_BOOL_CONVERSION = YES;
				CLANG_WARN_COMMA = YES;
				CLANG_WARN_CONSTANT_CONVERSION = YES;
				CLANG_WARN_DIRECT_OBJC_ISA_USAGE = YES_ERROR;
				CLANG_WARN_DOCUMENTATION_COMMENTS = YES;
				CLANG_WARN_EMPTY_BODY = YES;
				CLANG_WARN_ENUM_CONVERSION = YES;
				CLANG_WARN_INFINITE_RECURSION = YES;
				CLANG_WARN_INT_CONVERSION = YES;
				CLANG_WARN_NON_LITERAL_NULL_CONVERSION = YES;
				CLANG_WARN_OBJC_LITERAL_CONVERSION = YES;
				CLANG_WARN_OBJC_ROOT_CLASS = YES_ERROR;
				CLANG_WARN_RANGE_LOOP_ANALYSIS = YES;
				CLANG_WARN_STRICT_PROTOTYPES = YES;
				CLANG_WARN_SUSPICIOUS_MOVE = YES;
				CLANG_WARN_UNGUARDED_AVAILABILITY = YES_AGGRESSIVE;
				CLANG_WARN_UNREACHABLE_CODE = YES;
				CLANG_WARN__DUPLICATE_METHOD_MATCH = YES;
				CODE_SIGN_IDENTITY = "iPhone Developer";
				COPY_PHASE_STRIP = NO;
				DEBUG_INFORMATION_FORMAT = dwarf;
				ENABLE_STRICT_OBJC_MSGSEND = YES;
				ENABLE_TESTABILITY = YES;
				GCC_C_LANGUAGE_STANDARD = gnu11;
				GCC_DYNAMIC_NO_PIC = NO;
				GCC_NO_COMMON_BLOCKS = YES;
				GCC_OPTIMIZATION_LEVEL = 0;
				GCC_PREPROCESSOR_DEFINITIONS = (
					"DEBUG=1",
					"$(inherited)",
				);
				GCC_WARN_64_TO_32_BIT_CONVERSION = YES;
				GCC_WARN_ABOUT_RETURN_TYPE = YES_ERROR;
				GCC_WARN_UNDECLARED_SELECTOR = YES;
				GCC_WARN_UNINITIALIZED_AUTOS = YES_AGGRESSIVE;
				GCC_WARN_UNUSED_FUNCTION = YES;
				GCC_WARN_UNUSED_VARIABLE = YES;
				IPHONEOS_DEPLOYMENT_TARGET = 11.0;
				MTL_ENABLE_DEBUG_INFO = YES;
				ONLY_ACTIVE_ARCH = YES;
				SDKROOT = iphoneos;
			};
			name = Debug;
		};
		4ECB05381F7CFF1900B3D577 /* Release */ = {
			isa = XCBuildConfiguration;
			buildSettings = {
				ALWAYS_SEARCH_USER_PATHS = NO;
				CLANG_ANALYZER_NONNULL = YES;
				CLANG_ANALYZER_NUMBER_OBJECT_CONVERSION = YES_AGGRESSIVE;
				CLANG_CXX_LANGUAGE_STANDARD = "gnu++14";
				CLANG_CXX_LIBRARY = "libc++";
				CLANG_ENABLE_MODULES = YES;
				CLANG_ENABLE_OBJC_ARC = YES;
				CLANG_WARN_BLOCK_CAPTURE_AUTORELEASING = YES;
				CLANG_WARN_BOOL_CONVERSION = YES;
				CLANG_WARN_COMMA = YES;
				CLANG_WARN_CONSTANT_CONVERSION = YES;
				CLANG_WARN_DIRECT_OBJC_ISA_USAGE = YES_ERROR;
				CLANG_WARN_DOCUMENTATION_COMMENTS = YES;
				CLANG_WARN_EMPTY_BODY = YES;
				CLANG_WARN_ENUM_CONVERSION = YES;
				CLANG_WARN_INFINITE_RECURSION = YES;
				CLANG_WARN_INT_CONVERSION = YES;
				CLANG_WARN_NON_LITERAL_NULL_CONVERSION = YES;
				CLANG_WARN_OBJC_LITERAL_CONVERSION = YES;
				CLANG_WARN_OBJC_ROOT_CLASS = YES_ERROR;
				CLANG_WARN_RANGE_LOOP_ANALYSIS = YES;
				CLANG_WARN_STRICT_PROTOTYPES = YES;
				CLANG_WARN_SUSPICIOUS_MOVE = YES;
				CLANG_WARN_UNGUARDED_AVAILABILITY = YES_AGGRESSIVE;
				CLANG_WARN_UNREACHABLE_CODE = YES;
				CLANG_WARN__DUPLICATE_METHOD_MATCH = YES;
				CODE_SIGN_IDENTITY = "iPhone Developer";
				COPY_PHASE_STRIP = NO;
				DEBUG_INFORMATION_FORMAT = "dwarf-with-dsym";
				ENABLE_NS_ASSERTIONS = NO;
				ENABLE_STRICT_OBJC_MSGSEND = YES;
				GCC_C_LANGUAGE_STANDARD = gnu11;
				GCC_NO_COMMON_BLOCKS = YES;
				GCC_WARN_64_TO_32_BIT_CONVERSION = YES;
				GCC_WARN_ABOUT_RETURN_TYPE = YES_ERROR;
				GCC_WARN_UNDECLARED_SELECTOR = YES;
				GCC_WARN_UNINITIALIZED_AUTOS = YES_AGGRESSIVE;
				GCC_WARN_UNUSED_FUNCTION = YES;
				GCC_WARN_UNUSED_VARIABLE = YES;
				IPHONEOS_DEPLOYMENT_TARGET = 11.0;
				MTL_ENABLE_DEBUG_INFO = NO;
				SDKROOT = iphoneos;
				VALIDATE_PRODUCT = YES;
			};
			name = Release;
		};
		4ECB053A1F7CFF1900B3D577 /* Debug */ = {
			isa = XCBuildConfiguration;
			buildSettings = {
				ASSETCATALOG_COMPILER_APPICON_NAME = AppIcon;
				"CODE_SIGN_IDENTITY[sdk=iphoneos*]" = "iPhone Developer";
				CODE_SIGN_STYLE = Automatic;
				DEVELOPMENT_TEAM = PPYPDKC5SV;
				INFOPLIST_FILE = SBNavBar/Info.plist;
				IPHONEOS_DEPLOYMENT_TARGET = 8.0;
				LD_RUNPATH_SEARCH_PATHS = "$(inherited) @executable_path/Frameworks";
				PRODUCT_BUNDLE_IDENTIFIER = com.saifulislam.com.SBNavBar;
				PRODUCT_NAME = "$(TARGET_NAME)";
				PROVISIONING_PROFILE_SPECIFIER = "";
				TARGETED_DEVICE_FAMILY = "1,2";
			};
			name = Debug;
		};
		4ECB053B1F7CFF1900B3D577 /* Release */ = {
			isa = XCBuildConfiguration;
			buildSettings = {
				ASSETCATALOG_COMPILER_APPICON_NAME = AppIcon;
				"CODE_SIGN_IDENTITY[sdk=iphoneos*]" = "iPhone Developer";
				CODE_SIGN_STYLE = Automatic;
				DEVELOPMENT_TEAM = PPYPDKC5SV;
				INFOPLIST_FILE = SBNavBar/Info.plist;
				IPHONEOS_DEPLOYMENT_TARGET = 8.0;
				LD_RUNPATH_SEARCH_PATHS = "$(inherited) @executable_path/Frameworks";
				PRODUCT_BUNDLE_IDENTIFIER = com.saifulislam.com.SBNavBar;
				PRODUCT_NAME = "$(TARGET_NAME)";
				PROVISIONING_PROFILE_SPECIFIER = "";
				TARGETED_DEVICE_FAMILY = "1,2";
			};
			name = Release;
		};
		4ECB053D1F7CFF1900B3D577 /* Debug */ = {
			isa = XCBuildConfiguration;
			buildSettings = {
				CODE_SIGN_STYLE = Automatic;
				DEVELOPMENT_TEAM = CACL2LE2GL;
				INFOPLIST_FILE = SBNavBarUITests/Info.plist;
				LD_RUNPATH_SEARCH_PATHS = "$(inherited) @executable_path/Frameworks @loader_path/Frameworks";
				PRODUCT_BUNDLE_IDENTIFIER = com.saifulislam.com.SBNavBarUITests;
				PRODUCT_NAME = "$(TARGET_NAME)";
				TARGETED_DEVICE_FAMILY = "1,2";
				TEST_TARGET_NAME = SBNavBar;
			};
			name = Debug;
		};
		4ECB053E1F7CFF1900B3D577 /* Release */ = {
			isa = XCBuildConfiguration;
			buildSettings = {
				CODE_SIGN_STYLE = Automatic;
				DEVELOPMENT_TEAM = CACL2LE2GL;
				INFOPLIST_FILE = SBNavBarUITests/Info.plist;
				LD_RUNPATH_SEARCH_PATHS = "$(inherited) @executable_path/Frameworks @loader_path/Frameworks";
				PRODUCT_BUNDLE_IDENTIFIER = com.saifulislam.com.SBNavBarUITests;
				PRODUCT_NAME = "$(TARGET_NAME)";
				TARGETED_DEVICE_FAMILY = "1,2";
				TEST_TARGET_NAME = SBNavBar;
			};
			name = Release;
		};
/* End XCBuildConfiguration section */

/* Begin XCConfigurationList section */
		4ECB05131F7CFF1900B3D577 /* Build configuration list for PBXProject "SBNavBar" */ = {
			isa = XCConfigurationList;
			buildConfigurations = (
				4ECB05371F7CFF1900B3D577 /* Debug */,
				4ECB05381F7CFF1900B3D577 /* Release */,
			);
			defaultConfigurationIsVisible = 0;
			defaultConfigurationName = Release;
		};
		4ECB05391F7CFF1900B3D577 /* Build configuration list for PBXNativeTarget "SBNavBar" */ = {
			isa = XCConfigurationList;
			buildConfigurations = (
				4ECB053A1F7CFF1900B3D577 /* Debug */,
				4ECB053B1F7CFF1900B3D577 /* Release */,
			);
			defaultConfigurationIsVisible = 0;
			defaultConfigurationName = Release;
		};
		4ECB053C1F7CFF1900B3D577 /* Build configuration list for PBXNativeTarget "SBNavBarUITests" */ = {
			isa = XCConfigurationList;
			buildConfigurations = (
				4ECB053D1F7CFF1900B3D577 /* Debug */,
				4ECB053E1F7CFF1900B3D577 /* Release */,
			);
			defaultConfigurationIsVisible = 0;
			defaultConfigurationName = Release;
		};
/* End XCConfigurationList section */
	};
	rootObject = 4ECB05101F7CFF1900B3D577 /* Project object */;
}
